
Microsoft Visual Studio Solution File, Format Version 12.00
# Visual Studio 15
VisualStudioVersion = 15.0.27428.2005
MinimumVisualStudioVersion = 10.0.40219.1
Project("{FAE04EC0-301F-11D3-BF4B-00C04F79EFBC}") = "Ch7_CaseProblem1", "Ch7_CaseProblem1\Ch7_CaseProblem1.csproj", "{A7051D48-68A8-4408-96FF-06F7824086E9}"
EndProject
Global
	GlobalSection(SolutionConfigurationPlatforms) = preSolution
		Debug|Any CPU = Debug|Any CPU
		Release|Any CPU = Release|Any CPU
	EndGlobalSection
	GlobalSection(ProjectConfigurationPlatforms) = postSolution
		{A7051D48-68A8-4408-96FF-06F7824086E9}.Debug|Any CPU.ActiveCfg = Debug|Any CPU
		{A7051D48-68A8-4408-96FF-06F7824086E9}.Debug|Any CPU.Build.0 = Debug|Any CPU
		{A7051D48-68A8-4408-96FF-06F7824086E9}.Release|Any CPU.ActiveCfg = Release|Any CPU
		{A7051D48-68A8-4408-96FF-06F7824086E9}.Release|Any CPU.Build.0 = Release|Any CPU
	EndGlobalSection
	GlobalSection(SolutionProperties) = preSolution
		HideSolutionNode = FALSE
	EndGlobalSection
	GlobalSection(ExtensibilityGlobals) = postSolution
		SolutionGuid = {82178CA1-7EBF-4B97-8F02-C403161E66E6}
	EndGlobalSection
EndGlobal
