
Microsoft Visual Studio Solution File, Format Version 12.00
# Visual Studio 15
VisualStudioVersion = 15.0.27130.2020
MinimumVisualStudioVersion = 10.0.40219.1
Project("{FAE04EC0-301F-11D3-BF4B-00C04F79EFBC}") = "Ch6_CaseProblem", "Ch6_CaseProblem\Ch6_CaseProblem.csproj", "{4EB27068-5C93-4F28-BB22-5DBD1E11EBAA}"
EndProject
Global
	GlobalSection(SolutionConfigurationPlatforms) = preSolution
		Debug|Any CPU = Debug|Any CPU
		Release|Any CPU = Release|Any CPU
	EndGlobalSection
	GlobalSection(ProjectConfigurationPlatforms) = postSolution
		{4EB27068-5C93-4F28-BB22-5DBD1E11EBAA}.Debug|Any CPU.ActiveCfg = Debug|Any CPU
		{4EB27068-5C93-4F28-BB22-5DBD1E11EBAA}.Debug|Any CPU.Build.0 = Debug|Any CPU
		{4EB27068-5C93-4F28-BB22-5DBD1E11EBAA}.Release|Any CPU.ActiveCfg = Release|Any CPU
		{4EB27068-5C93-4F28-BB22-5DBD1E11EBAA}.Release|Any CPU.Build.0 = Release|Any CPU
	EndGlobalSection
	GlobalSection(SolutionProperties) = preSolution
		HideSolutionNode = FALSE
	EndGlobalSection
	GlobalSection(ExtensibilityGlobals) = postSolution
		SolutionGuid = {E77D1BED-3502-4873-BF6A-B1C5D311CF58}
	EndGlobalSection
EndGlobal
